
Microsoft Visual Studio Solution File, Format Version 12.00
# Visual Studio Version 16
VisualStudioVersion = 16.0.30128.74
MinimumVisualStudioVersion = 10.0.40219.1
Project("{FAE04EC0-301F-11D3-BF4B-00C04F79EFBC}") = "RedisApi", "RedisApi.csproj", "{BA5FAD3E-E0B1-47A7-B321-83CCF5128223}"
EndProject
Global
	GlobalSection(SolutionConfigurationPlatforms) = preSolution
		Debug|Any CPU = Debug|Any CPU
		Release|Any CPU = Release|Any CPU
	EndGlobalSection
	GlobalSection(ProjectConfigurationPlatforms) = postSolution
		{BA5FAD3E-E0B1-47A7-B321-83CCF5128223}.Debug|Any CPU.ActiveCfg = Debug|Any CPU
		{BA5FAD3E-E0B1-47A7-B321-83CCF5128223}.Debug|Any CPU.Build.0 = Debug|Any CPU
		{BA5FAD3E-E0B1-47A7-B321-83CCF5128223}.Release|Any CPU.ActiveCfg = Release|Any CPU
		{BA5FAD3E-E0B1-47A7-B321-83CCF5128223}.Release|Any CPU.Build.0 = Release|Any CPU
	EndGlobalSection
	GlobalSection(SolutionProperties) = preSolution
		HideSolutionNode = FALSE
	EndGlobalSection
	GlobalSection(ExtensibilityGlobals) = postSolution
		SolutionGuid = {7F179033-ACFD-43C4-827A-53AF98D03DB4}
	EndGlobalSection
EndGlobal
